
Microsoft Visual Studio Solution File, Format Version 10.00
# Visual Studio 2008
Project("{8BC9CEB8-8B4A-11D0-8D11-00A0C91BC942}") = "GoIP", "GoIP.vcproj", "{B16F5F92-996E-4F5D-B690-3310820A778D}"
EndProject
Global
	GlobalSection(SolutionConfigurationPlatforms) = preSolution
		Debug|Win32 = Debug|Win32
		Release|Win32 = Release|Win32
	EndGlobalSection
	GlobalSection(ProjectConfigurationPlatforms) = postSolution
		{B16F5F92-996E-4F5D-B690-3310820A778D}.Debug|Win32.ActiveCfg = Debug|Win32
		{B16F5F92-996E-4F5D-B690-3310820A778D}.Debug|Win32.Build.0 = Debug|Win32
		{B16F5F92-996E-4F5D-B690-3310820A778D}.Release|Win32.ActiveCfg = Release|Win32
		{B16F5F92-996E-4F5D-B690-3310820A778D}.Release|Win32.Build.0 = Release|Win32
	EndGlobalSection
	GlobalSection(SolutionProperties) = preSolution
		HideSolutionNode = FALSE
	EndGlobalSection
EndGlobal
